
Microsoft Visual Studio Solution File, Format Version 12.00
# Visual Studio Version 17
VisualStudioVersion = 17.6.33815.320
MinimumVisualStudioVersion = 10.0.40219.1
Project("{9A19103F-16F7-4668-BE54-9A1E7A4F7556}") = "GameDesignPortfolio", "GameDesignPortfolio\GameDesignPortfolio.csproj", "{BE2753DD-C04B-4467-B569-1F55FBEA038D}"
EndProject
Global
	GlobalSection(SolutionConfigurationPlatforms) = preSolution
		Debug|Any CPU = Debug|Any CPU
		Release|Any CPU = Release|Any CPU
	EndGlobalSection
	GlobalSection(ProjectConfigurationPlatforms) = postSolution
		{BE2753DD-C04B-4467-B569-1F55FBEA038D}.Debug|Any CPU.ActiveCfg = Debug|Any CPU
		{BE2753DD-C04B-4467-B569-1F55FBEA038D}.Debug|Any CPU.Build.0 = Debug|Any CPU
		{BE2753DD-C04B-4467-B569-1F55FBEA038D}.Release|Any CPU.ActiveCfg = Release|Any CPU
		{BE2753DD-C04B-4467-B569-1F55FBEA038D}.Release|Any CPU.Build.0 = Release|Any CPU
	EndGlobalSection
	GlobalSection(SolutionProperties) = preSolution
		HideSolutionNode = FALSE
	EndGlobalSection
	GlobalSection(ExtensibilityGlobals) = postSolution
		SolutionGuid = {C88A8E3D-4CD6-46C7-8744-FC3A96407383}
	EndGlobalSection
EndGlobal
